
Microsoft Visual Studio Solution File, Format Version 12.00
# Visual Studio Version 17
VisualStudioVersion = 17.12.35527.113 d17.12
MinimumVisualStudioVersion = 10.0.40219.1
Project("{FAE04EC0-301F-11D3-BF4B-00C04F79EFBC}") = "C# Adv Assignment 02", "C# Adv Assignment 02.csproj", "{D8237317-22DD-48DC-AB7C-3CF0D527262C}"
EndProject
Global
	GlobalSection(SolutionConfigurationPlatforms) = preSolution
		Debug|Any CPU = Debug|Any CPU
		Release|Any CPU = Release|Any CPU
	EndGlobalSection
	GlobalSection(ProjectConfigurationPlatforms) = postSolution
		{D8237317-22DD-48DC-AB7C-3CF0D527262C}.Debug|Any CPU.ActiveCfg = Debug|Any CPU
		{D8237317-22DD-48DC-AB7C-3CF0D527262C}.Debug|Any CPU.Build.0 = Debug|Any CPU
		{D8237317-22DD-48DC-AB7C-3CF0D527262C}.Release|Any CPU.ActiveCfg = Release|Any CPU
		{D8237317-22DD-48DC-AB7C-3CF0D527262C}.Release|Any CPU.Build.0 = Release|Any CPU
	EndGlobalSection
	GlobalSection(SolutionProperties) = preSolution
		HideSolutionNode = FALSE
	EndGlobalSection
EndGlobal
